// !$*UTF8*$!
{
	archiveVersion = 1;
	classes = {
	};
	objectVersion = 56;
	objects = {

/* Begin PBXBuildFile section */
		477083922C95A9470009B7F9 /* UdemySwiftUIAnimationTestApp.swift in Sources */ = {isa = PBXBuildFile; fileRef = 477083912C95A9470009B7F9 /* UdemySwiftUIAnimationTestApp.swift */; };
		477083942C95A9470009B7F9 /* ContentView.swift in Sources */ = {isa = PBXBuildFile; fileRef = 477083932C95A9470009B7F9 /* ContentView.swift */; };
		477083962C95A9480009B7F9 /* Assets.xcassets in Resources */ = {isa = PBXBuildFile; fileRef = 477083952C95A9480009B7F9 /* Assets.xcassets */; };
		477083992C95A9480009B7F9 /* Preview Assets.xcassets in Resources */ = {isa = PBXBuildFile; fileRef = 477083982C95A9480009B7F9 /* Preview Assets.xcassets */; };
		477083A32C95A9480009B7F9 /* UdemySwiftUIAnimationTestTests.swift in Sources */ = {isa = PBXBuildFile; fileRef = 477083A22C95A9480009B7F9 /* UdemySwiftUIAnimationTestTests.swift */; };
		477083AD2C95A9480009B7F9 /* UdemySwiftUIAnimationTestUITests.swift in Sources */ = {isa = PBXBuildFile; fileRef = 477083AC2C95A9480009B7F9 /* UdemySwiftUIAnimationTestUITests.swift */; };
		477083AF2C95A9480009B7F9 /* UdemySwiftUIAnimationTestUITestsLaunchTests.swift in Sources */ = {isa = PBXBuildFile; fileRef = 477083AE2C95A9480009B7F9 /* UdemySwiftUIAnimationTestUITestsLaunchTests.swift */; };
/* End PBXBuildFile section */

/* Begin PBXContainerItemProxy section */
		4770839F2C95A9480009B7F9 /* PBXContainerItemProxy */ = {
			isa = PBXContainerItemProxy;
			containerPortal = 477083862C95A9470009B7F9 /* Project object */;
			proxyType = 1;
			remoteGlobalIDString = 4770838D2C95A9470009B7F9;
			remoteInfo = UdemySwiftUIAnimationTest;
		};
		477083A92C95A9480009B7F9 /* PBXContainerItemProxy */ = {
			isa = PBXContainerItemProxy;
			containerPortal = 477083862C95A9470009B7F9 /* Project object */;
			proxyType = 1;
			remoteGlobalIDString = 4770838D2C95A9470009B7F9;
			remoteInfo = UdemySwiftUIAnimationTest;
		};
/* End PBXContainerItemProxy section */

/* Begin PBXFileReference section */
		4770838E2C95A9470009B7F9 /* UdemySwiftUIAnimationTest.app */ = {isa = PBXFileReference; explicitFileType = wrapper.application; includeInIndex = 0; path = UdemySwiftUIAnimationTest.app; sourceTree = BUILT_PRODUCTS_DIR; };
		477083912C95A9470009B7F9 /* UdemySwiftUIAnimationTestApp.swift */ = {isa = PBXFileReference; lastKnownFileType = sourcecode.swift; path = UdemySwiftUIAnimationTestApp.swift; sourceTree = "<group>"; };
		477083932C95A9470009B7F9 /* ContentView.swift */ = {isa = PBXFileReference; lastKnownFileType = sourcecode.swift; path = ContentView.swift; sourceTree = "<group>"; };
		477083952C95A9480009B7F9 /* Assets.xcassets */ = {isa = PBXFileReference; lastKnownFileType = folder.assetcatalog; path = Assets.xcassets; sourceTree = "<group>"; };
		477083982C95A9480009B7F9 /* Preview Assets.xcassets */ = {isa = PBXFileReference; lastKnownFileType = folder.assetcatalog; path = "Preview Assets.xcassets"; sourceTree = "<group>"; };
		4770839E2C95A9480009B7F9 /* UdemySwiftUIAnimationTestTests.xctest */ = {isa = PBXFileReference; explicitFileType = wrapper.cfbundle; includeInIndex = 0; path = UdemySwiftUIAnimationTestTests.xctest; sourceTree = BUILT_PRODUCTS_DIR; };
		477083A22C95A9480009B7F9 /* UdemySwiftUIAnimationTestTests.swift */ = {isa = PBXFileReference; lastKnownFileType = sourcecode.swift; path = UdemySwiftUIAnimationTestTests.swift; sourceTree = "<group>"; };
		477083A82C95A9480009B7F9 /* UdemySwiftUIAnimationTestUITests.xctest */ = {isa = PBXFileReference; explicitFileType = wrapper.cfbundle; includeInIndex = 0; path = UdemySwiftUIAnimationTestUITests.xctest; sourceTree = BUILT_PRODUCTS_DIR; };
		477083AC2C95A9480009B7F9 /* UdemySwiftUIAnimationTestUITests.swift */ = {isa = PBXFileReference; lastKnownFileType = sourcecode.swift; path = UdemySwiftUIAnimationTestUITests.swift; sourceTree = "<group>"; };
		477083AE2C95A9480009B7F9 /* UdemySwiftUIAnimationTestUITestsLaunchTests.swift */ = {isa = PBXFileReference; lastKnownFileType = sourcecode.swift; path = UdemySwiftUIAnimationTestUITestsLaunchTests.swift; sourceTree = "<group>"; };
/* End PBXFileReference section */

/* Begin PBXFrameworksBuildPhase section */
		4770838B2C95A9470009B7F9 /* Frameworks */ = {
			isa = PBXFrameworksBuildPhase;
			buildActionMask = 2147483647;
			files = (
			);
			runOnlyForDeploymentPostprocessing = 0;
		};
		4770839B2C95A9480009B7F9 /* Frameworks */ = {
			isa = PBXFrameworksBuildPhase;
			buildActionMask = 2147483647;
			files = (
			);
			runOnlyForDeploymentPostprocessing = 0;
		};
		477083A52C95A9480009B7F9 /* Frameworks */ = {
			isa = PBXFrameworksBuildPhase;
			buildActionMask = 2147483647;
			files = (
			);
			runOnlyForDeploymentPostprocessing = 0;
		};
/* End PBXFrameworksBuildPhase section */

/* Begin PBXGroup section */
		477083852C95A9470009B7F9 = {
			isa = PBXGroup;
			children = (
				477083902C95A9470009B7F9 /* UdemySwiftUIAnimationTest */,
				477083A12C95A9480009B7F9 /* UdemySwiftUIAnimationTestTests */,
				477083AB2C95A9480009B7F9 /* UdemySwiftUIAnimationTestUITests */,
				4770838F2C95A9470009B7F9 /* Products */,
			);
			sourceTree = "<group>";
		};
		4770838F2C95A9470009B7F9 /* Products */ = {
			isa = PBXGroup;
			children = (
				4770838E2C95A9470009B7F9 /* UdemySwiftUIAnimationTest.app */,
				4770839E2C95A9480009B7F9 /* UdemySwiftUIAnimationTestTests.xctest */,
				477083A82C95A9480009B7F9 /* UdemySwiftUIAnimationTestUITests.xctest */,
			);
			name = Products;
			sourceTree = "<group>";
		};
		477083902C95A9470009B7F9 /* UdemySwiftUIAnimationTest */ = {
			isa = PBXGroup;
			children = (
				477083912C95A9470009B7F9 /* UdemySwiftUIAnimationTestApp.swift */,
				477083932C95A9470009B7F9 /* ContentView.swift */,
				477083952C95A9480009B7F9 /* Assets.xcassets */,
				477083972C95A9480009B7F9 /* Preview Content */,
			);
			path = UdemySwiftUIAnimationTest;
			sourceTree = "<group>";
		};
		477083972C95A9480009B7F9 /* Preview Content */ = {
			isa = PBXGroup;
			children = (
				477083982C95A9480009B7F9 /* Preview Assets.xcassets */,
			);
			path = "Preview Content";
			sourceTree = "<group>";
		};
		477083A12C95A9480009B7F9 /* UdemySwiftUIAnimationTestTests */ = {
			isa = PBXGroup;
			children = (
				477083A22C95A9480009B7F9 /* UdemySwiftUIAnimationTestTests.swift */,
			);
			path = UdemySwiftUIAnimationTestTests;
			sourceTree = "<group>";
		};
		477083AB2C95A9480009B7F9 /* UdemySwiftUIAnimationTestUITests */ = {
			isa = PBXGroup;
			children = (
				477083AC2C95A9480009B7F9 /* UdemySwiftUIAnimationTestUITests.swift */,
				477083AE2C95A9480009B7F9 /* UdemySwiftUIAnimationTestUITestsLaunchTests.swift */,
			);
			path = UdemySwiftUIAnimationTestUITests;
			sourceTree = "<group>";
		};
/* End PBXGroup section */

/* Begin PBXNativeTarget section */
		4770838D2C95A9470009B7F9 /* UdemySwiftUIAnimationTest */ = {
			isa = PBXNativeTarget;
			buildConfigurationList = 477083B22C95A9480009B7F9 /* Build configuration list for PBXNativeTarget "UdemySwiftUIAnimationTest" */;
			buildPhases = (
				4770838A2C95A9470009B7F9 /* Sources */,
				4770838B2C95A9470009B7F9 /* Frameworks */,
				4770838C2C95A9470009B7F9 /* Resources */,
			);
			buildRules = (
			);
			dependencies = (
			);
			name = UdemySwiftUIAnimationTest;
			productName = UdemySwiftUIAnimationTest;
			productReference = 4770838E2C95A9470009B7F9 /* UdemySwiftUIAnimationTest.app */;
			productType = "com.apple.product-type.application";
		};
		4770839D2C95A9480009B7F9 /* UdemySwiftUIAnimationTestTests */ = {
			isa = PBXNativeTarget;
			buildConfigurationList = 477083B52C95A9480009B7F9 /* Build configuration list for PBXNativeTarget "UdemySwiftUIAnimationTestTests" */;
			buildPhases = (
				4770839A2C95A9480009B7F9 /* Sources */,
				4770839B2C95A9480009B7F9 /* Frameworks */,
				4770839C2C95A9480009B7F9 /* Resources */,
			);
			buildRules = (
			);
			dependencies = (
				477083A02C95A9480009B7F9 /* PBXTargetDependency */,
			);
			name = UdemySwiftUIAnimationTestTests;
			productName = UdemySwiftUIAnimationTestTests;
			productReference = 4770839E2C95A9480009B7F9 /* UdemySwiftUIAnimationTestTests.xctest */;
			productType = "com.apple.product-type.bundle.unit-test";
		};
		477083A72C95A9480009B7F9 /* UdemySwiftUIAnimationTestUITests */ = {
			isa = PBXNativeTarget;
			buildConfigurationList = 477083B82C95A9480009B7F9 /* Build configuration list for PBXNativeTarget "UdemySwiftUIAnimationTestUITests" */;
			buildPhases = (
				477083A42C95A9480009B7F9 /* Sources */,
				477083A52C95A9480009B7F9 /* Frameworks */,
				477083A62C95A9480009B7F9 /* Resources */,
			);
			buildRules = (
			);
			dependencies = (
				477083AA2C95A9480009B7F9 /* PBXTargetDependency */,
			);
			name = UdemySwiftUIAnimationTestUITests;
			productName = UdemySwiftUIAnimationTestUITests;
			productReference = 477083A82C95A9480009B7F9 /* UdemySwiftUIAnimationTestUITests.xctest */;
			productType = "com.apple.product-type.bundle.ui-testing";
		};
/* End PBXNativeTarget section */

/* Begin PBXProject section */
		477083862C95A9470009B7F9 /* Project object */ = {
			isa = PBXProject;
			attributes = {
				BuildIndependentTargetsInParallel = 1;
				LastSwiftUpdateCheck = 1540;
				LastUpgradeCheck = 1540;
				TargetAttributes = {
					4770838D2C95A9470009B7F9 = {
						CreatedOnToolsVersion = 15.4;
					};
					4770839D2C95A9480009B7F9 = {
						CreatedOnToolsVersion = 15.4;
						TestTargetID = 4770838D2C95A9470009B7F9;
					};
					477083A72C95A9480009B7F9 = {
						CreatedOnToolsVersion = 15.4;
						TestTargetID = 4770838D2C95A9470009B7F9;
					};
				};
			};
			buildConfigurationList = 477083892C95A9470009B7F9 /* Build configuration list for PBXProject "UdemySwiftUIAnimationTest" */;
			compatibilityVersion = "Xcode 14.0";
			developmentRegion = en;
			hasScannedForEncodings = 0;
			knownRegions = (
				en,
				Base,
			);
			mainGroup = 477083852C95A9470009B7F9;
			productRefGroup = 4770838F2C95A9470009B7F9 /* Products */;
			projectDirPath = "";
			projectRoot = "";
			targets = (
				4770838D2C95A9470009B7F9 /* UdemySwiftUIAnimationTest */,
				4770839D2C95A9480009B7F9 /* UdemySwiftUIAnimationTestTests */,
				477083A72C95A9480009B7F9 /* UdemySwiftUIAnimationTestUITests */,
			);
		};
/* End PBXProject section */

/* Begin PBXResourcesBuildPhase section */
		4770838C2C95A9470009B7F9 /* Resources */ = {
			isa = PBXResourcesBuildPhase;
			buildActionMask = 2147483647;
			files = (
				477083992C95A9480009B7F9 /* Preview Assets.xcassets in Resources */,
				477083962C95A9480009B7F9 /* Assets.xcassets in Resources */,
			);
			runOnlyForDeploymentPostprocessing = 0;
		};
		4770839C2C95A9480009B7F9 /* Resources */ = {
			isa = PBXResourcesBuildPhase;
			buildActionMask = 2147483647;
			files = (
			);
			runOnlyForDeploymentPostprocessing = 0;
		};
		477083A62C95A9480009B7F9 /* Resources */ = {
			isa = PBXResourcesBuildPhase;
			buildActionMask = 2147483647;
			files = (
			);
			runOnlyForDeploymentPostprocessing = 0;
		};
/* End PBXResourcesBuildPhase section */

/* Begin PBXSourcesBuildPhase section */
		4770838A2C95A9470009B7F9 /* Sources */ = {
			isa = PBXSourcesBuildPhase;
			buildActionMask = 2147483647;
			files = (
				477083942C95A9470009B7F9 /* ContentView.swift in Sources */,
				477083922C95A9470009B7F9 /* UdemySwiftUIAnimationTestApp.swift in Sources */,
			);
			runOnlyForDeploymentPostprocessing = 0;
		};
		4770839A2C95A9480009B7F9 /* Sources */ = {
			isa = PBXSourcesBuildPhase;
			buildActionMask = 2147483647;
			files = (
				477083A32C95A9480009B7F9 /* UdemySwiftUIAnimationTestTests.swift in Sources */,
			);
			runOnlyForDeploymentPostprocessing = 0;
		};
		477083A42C95A9480009B7F9 /* Sources */ = {
			isa = PBXSourcesBuildPhase;
			buildActionMask = 2147483647;
			files = (
				477083AF2C95A9480009B7F9 /* UdemySwiftUIAnimationTestUITestsLaunchTests.swift in Sources */,
				477083AD2C95A9480009B7F9 /* UdemySwiftUIAnimationTestUITests.swift in Sources */,
			);
			runOnlyForDeploymentPostprocessing = 0;
		};
/* End PBXSourcesBuildPhase section */

/* Begin PBXTargetDependency section */
		477083A02C95A9480009B7F9 /* PBXTargetDependency */ = {
			isa = PBXTargetDependency;
			target = 4770838D2C95A9470009B7F9 /* UdemySwiftUIAnimationTest */;
			targetProxy = 4770839F2C95A9480009B7F9 /* PBXContainerItemProxy */;
		};
		477083AA2C95A9480009B7F9 /* PBXTargetDependency */ = {
			isa = PBXTargetDependency;
			target = 4770838D2C95A9470009B7F9 /* UdemySwiftUIAnimationTest */;
			targetProxy = 477083A92C95A9480009B7F9 /* PBXContainerItemProxy */;
		};
/* End PBXTargetDependency section */

/* Begin XCBuildConfiguration section */
		477083B02C95A9480009B7F9 /* Debug */ = {
			isa = XCBuildConfiguration;
			buildSettings = {
				ALWAYS_SEARCH_USER_PATHS = NO;
				ASSETCATALOG_COMPILER_GENERATE_SWIFT_ASSET_SYMBOL_EXTENSIONS = YES;
				CLANG_ANALYZER_NONNULL = YES;
				CLANG_ANALYZER_NUMBER_OBJECT_CONVERSION = YES_AGGRESSIVE;
				CLANG_CXX_LANGUAGE_STANDARD = "gnu++20";
				CLANG_ENABLE_MODULES = YES;
				CLANG_ENABLE_OBJC_ARC = YES;
				CLANG_ENABLE_OBJC_WEAK = YES;
				CLANG_WARN_BLOCK_CAPTURE_AUTORELEASING = YES;
				CLANG_WARN_BOOL_CONVERSION = YES;
				CLANG_WARN_COMMA = YES;
				CLANG_WARN_CONSTANT_CONVERSION = YES;
				CLANG_WARN_DEPRECATED_OBJC_IMPLEMENTATIONS = YES;
				CLANG_WARN_DIRECT_OBJC_ISA_USAGE = YES_ERROR;
				CLANG_WARN_DOCUMENTATION_COMMENTS = YES;
				CLANG_WARN_EMPTY_BODY = YES;
				CLANG_WARN_ENUM_CONVERSION = YES;
				CLANG_WARN_INFINITE_RECURSION = YES;
				CLANG_WARN_INT_CONVERSION = YES;
				CLANG_WARN_NON_LITERAL_NULL_CONVERSION = YES;
				CLANG_WARN_OBJC_IMPLICIT_RETAIN_SELF = YES;
				CLANG_WARN_OBJC_LITERAL_CONVERSION = YES;
				CLANG_WARN_OBJC_ROOT_CLASS = YES_ERROR;
				CLANG_WARN_QUOTED_INCLUDE_IN_FRAMEWORK_HEADER = YES;
				CLANG_WARN_RANGE_LOOP_ANALYSIS = YES;
				CLANG_WARN_STRICT_PROTOTYPES = YES;
				CLANG_WARN_SUSPICIOUS_MOVE = YES;
				CLANG_WARN_UNGUARDED_AVAILABILITY = YES_AGGRESSIVE;
				CLANG_WARN_UNREACHABLE_CODE = YES;
				CLANG_WARN__DUPLICATE_METHOD_MATCH = YES;
				COPY_PHASE_STRIP = NO;
				DEBUG_INFORMATION_FORMAT = dwarf;
				ENABLE_STRICT_OBJC_MSGSEND = YES;
				ENABLE_TESTABILITY = YES;
				ENABLE_USER_SCRIPT_SANDBOXING = YES;
				GCC_C_LANGUAGE_STANDARD = gnu17;
				GCC_DYNAMIC_NO_PIC = NO;
				GCC_NO_COMMON_BLOCKS = YES;
				GCC_OPTIMIZATION_LEVEL = 0;
				GCC_PREPROCESSOR_DEFINITIONS = (
					"DEBUG=1",
					"$(inherited)",
				);
				GCC_WARN_64_TO_32_BIT_CONVERSION = YES;
				GCC_WARN_ABOUT_RETURN_TYPE = YES_ERROR;
				GCC_WARN_UNDECLARED_SELECTOR = YES;
				GCC_WARN_UNINITIALIZED_AUTOS = YES_AGGRESSIVE;
				GCC_WARN_UNUSED_FUNCTION = YES;
				GCC_WARN_UNUSED_VARIABLE = YES;
				IPHONEOS_DEPLOYMENT_TARGET = 17.5;
				LOCALIZATION_PREFERS_STRING_CATALOGS = YES;
				MTL_ENABLE_DEBUG_INFO = INCLUDE_SOURCE;
				MTL_FAST_MATH = YES;
				ONLY_ACTIVE_ARCH = YES;
				SDKROOT = iphoneos;
				SWIFT_ACTIVE_COMPILATION_CONDITIONS = "DEBUG $(inherited)";
				SWIFT_OPTIMIZATION_LEVEL = "-Onone";
			};
			name = Debug;
		};
		477083B12C95A9480009B7F9 /* Release */ = {
			isa = XCBuildConfiguration;
			buildSettings = {
				ALWAYS_SEARCH_USER_PATHS = NO;
				ASSETCATALOG_COMPILER_GENERATE_SWIFT_ASSET_SYMBOL_EXTENSIONS = YES;
				CLANG_ANALYZER_NONNULL = YES;
				CLANG_ANALYZER_NUMBER_OBJECT_CONVERSION = YES_AGGRESSIVE;
				CLANG_CXX_LANGUAGE_STANDARD = "gnu++20";
				CLANG_ENABLE_MODULES = YES;
				CLANG_ENABLE_OBJC_ARC = YES;
				CLANG_ENABLE_OBJC_WEAK = YES;
				CLANG_WARN_BLOCK_CAPTURE_AUTORELEASING = YES;
				CLANG_WARN_BOOL_CONVERSION = YES;
				CLANG_WARN_COMMA = YES;
				CLANG_WARN_CONSTANT_CONVERSION = YES;
				CLANG_WARN_DEPRECATED_OBJC_IMPLEMENTATIONS = YES;
				CLANG_WARN_DIRECT_OBJC_ISA_USAGE = YES_ERROR;
				CLANG_WARN_DOCUMENTATION_COMMENTS = YES;
				CLANG_WARN_EMPTY_BODY = YES;
				CLANG_WARN_ENUM_CONVERSION = YES;
				CLANG_WARN_INFINITE_RECURSION = YES;
				CLANG_WARN_INT_CONVERSION = YES;
				CLANG_WARN_NON_LITERAL_NULL_CONVERSION = YES;
				CLANG_WARN_OBJC_IMPLICIT_RETAIN_SELF = YES;
				CLANG_WARN_OBJC_LITERAL_CONVERSION = YES;
				CLANG_WARN_OBJC_ROOT_CLASS = YES_ERROR;
				CLANG_WARN_QUOTED_INCLUDE_IN_FRAMEWORK_HEADER = YES;
				CLANG_WARN_RANGE_LOOP_ANALYSIS = YES;
				CLANG_WARN_STRICT_PROTOTYPES = YES;
				CLANG_WARN_SUSPICIOUS_MOVE = YES;
				CLANG_WARN_UNGUARDED_AVAILABILITY = YES_AGGRESSIVE;
				CLANG_WARN_UNREACHABLE_CODE = YES;
				CLANG_WARN__DUPLICATE_METHOD_MATCH = YES;
				COPY_PHASE_STRIP = NO;
				DEBUG_INFORMATION_FORMAT = "dwarf-with-dsym";
				ENABLE_NS_ASSERTIONS = NO;
				ENABLE_STRICT_OBJC_MSGSEND = YES;
				ENABLE_USER_SCRIPT_SANDBOXING = YES;
				GCC_C_LANGUAGE_STANDARD = gnu17;
				GCC_NO_COMMON_BLOCKS = YES;
				GCC_WARN_64_TO_32_BIT_CONVERSION = YES;
				GCC_WARN_ABOUT_RETURN_TYPE = YES_ERROR;
				GCC_WARN_UNDECLARED_SELECTOR = YES;
				GCC_WARN_UNINITIALIZED_AUTOS = YES_AGGRESSIVE;
				GCC_WARN_UNUSED_FUNCTION = YES;
				GCC_WARN_UNUSED_VARIABLE = YES;
				IPHONEOS_DEPLOYMENT_TARGET = 17.5;
				LOCALIZATION_PREFERS_STRING_CATALOGS = YES;
				MTL_ENABLE_DEBUG_INFO = NO;
				MTL_FAST_MATH = YES;
				SDKROOT = iphoneos;
				SWIFT_COMPILATION_MODE = wholemodule;
				VALIDATE_PRODUCT = YES;
			};
			name = Release;
		};
		477083B32C95A9480009B7F9 /* Debug */ = {
			isa = XCBuildConfiguration;
			buildSettings = {
				ASSETCATALOG_COMPILER_APPICON_NAME = AppIcon;
				ASSETCATALOG_COMPILER_GLOBAL_ACCENT_COLOR_NAME = AccentColor;
				CODE_SIGN_STYLE = Automatic;
				CURRENT_PROJECT_VERSION = 1;
				DEVELOPMENT_ASSET_PATHS = "\"UdemySwiftUIAnimationTest/Preview Content\"";
				ENABLE_PREVIEWS = YES;
				GENERATE_INFOPLIST_FILE = YES;
				INFOPLIST_KEY_UIApplicationSceneManifest_Generation = YES;
				INFOPLIST_KEY_UIApplicationSupportsIndirectInputEvents = YES;
				INFOPLIST_KEY_UILaunchScreen_Generation = YES;
				INFOPLIST_KEY_UISupportedInterfaceOrientations_iPad = "UIInterfaceOrientationPortrait UIInterfaceOrientationPortraitUpsideDown UIInterfaceOrientationLandscapeLeft UIInterfaceOrientationLandscapeRight";
				INFOPLIST_KEY_UISupportedInterfaceOrientations_iPhone = "UIInterfaceOrientationPortrait UIInterfaceOrientationLandscapeLeft UIInterfaceOrientationLandscapeRight";
				LD_RUNPATH_SEARCH_PATHS = (
					"$(inherited)",
					"@executable_path/Frameworks",
				);
				MARKETING_VERSION = 1.0;
				PRODUCT_BUNDLE_IDENTIFIER = "___VARIABLE_bundleIdentifierPrefix:bundleIdentifier___.___PACKAGENAMEASRFC1034IDENTIFIER___";
				PRODUCT_NAME = "$(TARGET_NAME)";
				SWIFT_EMIT_LOC_STRINGS = YES;
				SWIFT_VERSION = 5.0;
				TARGETED_DEVICE_FAMILY = "1,2";
			};
			name = Debug;
		};
		477083B42C95A9480009B7F9 /* Release */ = {
			isa = XCBuildConfiguration;
			buildSettings = {
				ASSETCATALOG_COMPILER_APPICON_NAME = AppIcon;
				ASSETCATALOG_COMPILER_GLOBAL_ACCENT_COLOR_NAME = AccentColor;
				CODE_SIGN_STYLE = Automatic;
				CURRENT_PROJECT_VERSION = 1;
				DEVELOPMENT_ASSET_PATHS = "\"UdemySwiftUIAnimationTest/Preview Content\"";
				ENABLE_PREVIEWS = YES;
				GENERATE_INFOPLIST_FILE = YES;
				INFOPLIST_KEY_UIApplicationSceneManifest_Generation = YES;
				INFOPLIST_KEY_UIApplicationSupportsIndirectInputEvents = YES;
				INFOPLIST_KEY_UILaunchScreen_Generation = YES;
				INFOPLIST_KEY_UISupportedInterfaceOrientations_iPad = "UIInterfaceOrientationPortrait UIInterfaceOrientationPortraitUpsideDown UIInterfaceOrientationLandscapeLeft UIInterfaceOrientationLandscapeRight";
				INFOPLIST_KEY_UISupportedInterfaceOrientations_iPhone = "UIInterfaceOrientationPortrait UIInterfaceOrientationLandscapeLeft UIInterfaceOrientationLandscapeRight";
				LD_RUNPATH_SEARCH_PATHS = (
					"$(inherited)",
					"@executable_path/Frameworks",
				);
				MARKETING_VERSION = 1.0;
				PRODUCT_BUNDLE_IDENTIFIER = "___VARIABLE_bundleIdentifierPrefix:bundleIdentifier___.___PACKAGENAMEASRFC1034IDENTIFIER___";
				PRODUCT_NAME = "$(TARGET_NAME)";
				SWIFT_EMIT_LOC_STRINGS = YES;
				SWIFT_VERSION = 5.0;
				TARGETED_DEVICE_FAMILY = "1,2";
			};
			name = Release;
		};
		477083B62C95A9480009B7F9 /* Debug */ = {
			isa = XCBuildConfiguration;
			buildSettings = {
				ALWAYS_EMBED_SWIFT_STANDARD_LIBRARIES = YES;
				BUNDLE_LOADER = "$(TEST_HOST)";
				CODE_SIGN_STYLE = Automatic;
				CURRENT_PROJECT_VERSION = 1;
				GENERATE_INFOPLIST_FILE = YES;
				IPHONEOS_DEPLOYMENT_TARGET = 17.5;
				MARKETING_VERSION = 1.0;
				PRODUCT_BUNDLE_IDENTIFIER = "___VARIABLE_bundleIdentifierPrefix:bundleIdentifier___.___PACKAGENAMEASRFC1034IDENTIFIER___";
				PRODUCT_NAME = "$(TARGET_NAME)";
				SWIFT_EMIT_LOC_STRINGS = NO;
				SWIFT_VERSION = 5.0;
				TARGETED_DEVICE_FAMILY = "1,2";
				TEST_HOST = "$(BUILT_PRODUCTS_DIR)/UdemySwiftUIAnimationTest.app/$(BUNDLE_EXECUTABLE_FOLDER_PATH)/UdemySwiftUIAnimationTest";
			};
			name = Debug;
		};
		477083B72C95A9480009B7F9 /* Release */ = {
			isa = XCBuildConfiguration;
			buildSettings = {
				ALWAYS_EMBED_SWIFT_STANDARD_LIBRARIES = YES;
				BUNDLE_LOADER = "$(TEST_HOST)";
				CODE_SIGN_STYLE = Automatic;
				CURRENT_PROJECT_VERSION = 1;
				GENERATE_INFOPLIST_FILE = YES;
				IPHONEOS_DEPLOYMENT_TARGET = 17.5;
				MARKETING_VERSION = 1.0;
				PRODUCT_BUNDLE_IDENTIFIER = "___VARIABLE_bundleIdentifierPrefix:bundleIdentifier___.___PACKAGENAMEASRFC1034IDENTIFIER___";
				PRODUCT_NAME = "$(TARGET_NAME)";
				SWIFT_EMIT_LOC_STRINGS = NO;
				SWIFT_VERSION = 5.0;
				TARGETED_DEVICE_FAMILY = "1,2";
				TEST_HOST = "$(BUILT_PRODUCTS_DIR)/UdemySwiftUIAnimationTest.app/$(BUNDLE_EXECUTABLE_FOLDER_PATH)/UdemySwiftUIAnimationTest";
			};
			name = Release;
		};
		477083B92C95A9480009B7F9 /* Debug */ = {
			isa = XCBuildConfiguration;
			buildSettings = {
				ALWAYS_EMBED_SWIFT_STANDARD_LIBRARIES = YES;
				CODE_SIGN_STYLE = Automatic;
				CURRENT_PROJECT_VERSION = 1;
				GENERATE_INFOPLIST_FILE = YES;
				MARKETING_VERSION = 1.0;
				PRODUCT_BUNDLE_IDENTIFIER = "___VARIABLE_bundleIdentifierPrefix:bundleIdentifier___.___PACKAGENAMEASRFC1034IDENTIFIER___";
				PRODUCT_NAME = "$(TARGET_NAME)";
				SWIFT_EMIT_LOC_STRINGS = NO;
				SWIFT_VERSION = 5.0;
				TARGETED_DEVICE_FAMILY = "1,2";
				TEST_TARGET_NAME = UdemySwiftUIAnimationTest;
			};
			name = Debug;
		};
		477083BA2C95A9480009B7F9 /* Release */ = {
			isa = XCBuildConfiguration;
			buildSettings = {
				ALWAYS_EMBED_SWIFT_STANDARD_LIBRARIES = YES;
				CODE_SIGN_STYLE = Automatic;
				CURRENT_PROJECT_VERSION = 1;
				GENERATE_INFOPLIST_FILE = YES;
				MARKETING_VERSION = 1.0;
				PRODUCT_BUNDLE_IDENTIFIER = "___VARIABLE_bundleIdentifierPrefix:bundleIdentifier___.___PACKAGENAMEASRFC1034IDENTIFIER___";
				PRODUCT_NAME = "$(TARGET_NAME)";
				SWIFT_EMIT_LOC_STRINGS = NO;
				SWIFT_VERSION = 5.0;
				TARGETED_DEVICE_FAMILY = "1,2";
				TEST_TARGET_NAME = UdemySwiftUIAnimationTest;
			};
			name = Release;
		};
/* End XCBuildConfiguration section */

/* Begin XCConfigurationList section */
		477083892C95A9470009B7F9 /* Build configuration list for PBXProject "UdemySwiftUIAnimationTest" */ = {
			isa = XCConfigurationList;
			buildConfigurations = (
				477083B02C95A9480009B7F9 /* Debug */,
				477083B12C95A9480009B7F9 /* Release */,
			);
			defaultConfigurationIsVisible = 0;
			defaultConfigurationName = Release;
		};
		477083B22C95A9480009B7F9 /* Build configuration list for PBXNativeTarget "UdemySwiftUIAnimationTest" */ = {
			isa = XCConfigurationList;
			buildConfigurations = (
				477083B32C95A9480009B7F9 /* Debug */,
				477083B42C95A9480009B7F9 /* Release */,
			);
			defaultConfigurationIsVisible = 0;
			defaultConfigurationName = Release;
		};
		477083B52C95A9480009B7F9 /* Build configuration list for PBXNativeTarget "UdemySwiftUIAnimationTestTests" */ = {
			isa = XCConfigurationList;
			buildConfigurations = (
				477083B62C95A9480009B7F9 /* Debug */,
				477083B72C95A9480009B7F9 /* Release */,
			);
			defaultConfigurationIsVisible = 0;
			defaultConfigurationName = Release;
		};
		477083B82C95A9480009B7F9 /* Build configuration list for PBXNativeTarget "UdemySwiftUIAnimationTestUITests" */ = {
			isa = XCConfigurationList;
			buildConfigurations = (
				477083B92C95A9480009B7F9 /* Debug */,
				477083BA2C95A9480009B7F9 /* Release */,
			);
			defaultConfigurationIsVisible = 0;
			defaultConfigurationName = Release;
		};
/* End XCConfigurationList section */
	};
	rootObject = 477083862C95A9470009B7F9 /* Project object */;
}
